// !$*UTF8*$!
{
	archiveVersion = 1;
	classes = {
	};
	objectVersion = 48;
	objects = {

/* Begin PBXBuildFile section */
		162EBDB42012F48A00F8148D /* AppDelegate.swift in Sources */ = {isa = PBXBuildFile; fileRef = 162EBDB32012F48A00F8148D /* AppDelegate.swift */; };
		162EBDB62012F48A00F8148D /* TodoListViewController.swift in Sources */ = {isa = PBXBuildFile; fileRef = 162EBDB52012F48A00F8148D /* TodoListViewController.swift */; };
		162EBDB92012F48A00F8148D /* Main.storyboard in Resources */ = {isa = PBXBuildFile; fileRef = 162EBDB72012F48A00F8148D /* Main.storyboard */; };
		162EBDBB2012F48A00F8148D /* Assets.xcassets in Resources */ = {isa = PBXBuildFile; fileRef = 162EBDBA2012F48A00F8148D /* Assets.xcassets */; };
		162EBDBE2012F48A00F8148D /* LaunchScreen.storyboard in Resources */ = {isa = PBXBuildFile; fileRef = 162EBDBC2012F48A00F8148D /* LaunchScreen.storyboard */; };
		162EBDCD2013B88300F8148D /* DataModel.xcdatamodeld in Sources */ = {isa = PBXBuildFile; fileRef = 162EBDCB2013B88300F8148D /* DataModel.xcdatamodeld */; };
/* End PBXBuildFile section */

/* Begin PBXFileReference section */
		162EBDB02012F48A00F8148D /* WatTodo.app */ = {isa = PBXFileReference; explicitFileType = wrapper.application; includeInIndex = 0; path = WatTodo.app; sourceTree = BUILT_PRODUCTS_DIR; };
		162EBDB32012F48A00F8148D /* AppDelegate.swift */ = {isa = PBXFileReference; lastKnownFileType = sourcecode.swift; path = AppDelegate.swift; sourceTree = "<group>"; };
		162EBDB52012F48A00F8148D /* TodoListViewController.swift */ = {isa = PBXFileReference; lastKnownFileType = sourcecode.swift; path = TodoListViewController.swift; sourceTree = "<group>"; };
		162EBDB82012F48A00F8148D /* Base */ = {isa = PBXFileReference; lastKnownFileType = file.storyboard; name = Base; path = Base.lproj/Main.storyboard; sourceTree = "<group>"; };
		162EBDBA2012F48A00F8148D /* Assets.xcassets */ = {isa = PBXFileReference; lastKnownFileType = folder.assetcatalog; path = Assets.xcassets; sourceTree = "<group>"; };
		162EBDBD2012F48A00F8148D /* Base */ = {isa = PBXFileReference; lastKnownFileType = file.storyboard; name = Base; path = Base.lproj/LaunchScreen.storyboard; sourceTree = "<group>"; };
		162EBDBF2012F48A00F8148D /* Info.plist */ = {isa = PBXFileReference; lastKnownFileType = text.plist.xml; path = Info.plist; sourceTree = "<group>"; };
		162EBDCC2013B88300F8148D /* DataModel.xcdatamodel */ = {isa = PBXFileReference; lastKnownFileType = wrapper.xcdatamodel; path = DataModel.xcdatamodel; sourceTree = "<group>"; };
/* End PBXFileReference section */

/* Begin PBXFrameworksBuildPhase section */
		162EBDAD2012F48A00F8148D /* Frameworks */ = {
			isa = PBXFrameworksBuildPhase;
			buildActionMask = 2147483647;
			files = (
			);
			runOnlyForDeploymentPostprocessing = 0;
		};
/* End PBXFrameworksBuildPhase section */

/* Begin PBXGroup section */
		162EBDA72012F48A00F8148D = {
			isa = PBXGroup;
			children = (
				162EBDB22012F48A00F8148D /* WatTodo */,
				162EBDB12012F48A00F8148D /* Products */,
			);
			sourceTree = "<group>";
		};
		162EBDB12012F48A00F8148D /* Products */ = {
			isa = PBXGroup;
			children = (
				162EBDB02012F48A00F8148D /* WatTodo.app */,
			);
			name = Products;
			sourceTree = "<group>";
		};
		162EBDB22012F48A00F8148D /* WatTodo */ = {
			isa = PBXGroup;
			children = (
				162EBDB32012F48A00F8148D /* AppDelegate.swift */,
				162EBDC82013943300F8148D /* Controllers */,
				162EBDC92013945000F8148D /* Views */,
				162EBDCA2013946200F8148D /* Supporting Files */,
				162EBDBF2012F48A00F8148D /* Info.plist */,
				162EBDC72013941D00F8148D /* Data Model */,
			);
			path = WatTodo;
			sourceTree = "<group>";
		};
		162EBDC72013941D00F8148D /* Data Model */ = {
			isa = PBXGroup;
			children = (
				162EBDCB2013B88300F8148D /* DataModel.xcdatamodeld */,
			);
			path = "Data Model";
			sourceTree = "<group>";
		};
		162EBDC82013943300F8148D /* Controllers */ = {
			isa = PBXGroup;
			children = (
				162EBDB52012F48A00F8148D /* TodoListViewController.swift */,
			);
			path = Controllers;
			sourceTree = "<group>";
		};
		162EBDC92013945000F8148D /* Views */ = {
			isa = PBXGroup;
			children = (
				162EBDB72012F48A00F8148D /* Main.storyboard */,
			);
			path = Views;
			sourceTree = "<group>";
		};
		162EBDCA2013946200F8148D /* Supporting Files */ = {
			isa = PBXGroup;
			children = (
				162EBDBA2012F48A00F8148D /* Assets.xcassets */,
				162EBDBC2012F48A00F8148D /* LaunchScreen.storyboard */,
			);
			path = "Supporting Files";
			sourceTree = "<group>";
		};
/* End PBXGroup section */

/* Begin PBXNativeTarget section */
		162EBDAF2012F48A00F8148D /* WatTodo */ = {
			isa = PBXNativeTarget;
			buildConfigurationList = 162EBDC22012F48A00F8148D /* Build configuration list for PBXNativeTarget "WatTodo" */;
			buildPhases = (
				162EBDAC2012F48A00F8148D /* Sources */,
				162EBDAD2012F48A00F8148D /* Frameworks */,
				162EBDAE2012F48A00F8148D /* Resources */,
			);
			buildRules = (
			);
			dependencies = (
			);
			name = WatTodo;
			productName = WatTodo;
			productReference = 162EBDB02012F48A00F8148D /* WatTodo.app */;
			productType = "com.apple.product-type.application";
		};
/* End PBXNativeTarget section */

/* Begin PBXProject section */
		162EBDA82012F48A00F8148D /* Project object */ = {
			isa = PBXProject;
			attributes = {
				LastSwiftUpdateCheck = 0920;
				LastUpgradeCheck = 0920;
				ORGANIZATIONNAME = "Jason Long";
				TargetAttributes = {
					162EBDAF2012F48A00F8148D = {
						CreatedOnToolsVersion = 9.2;
						ProvisioningStyle = Automatic;
					};
				};
			};
			buildConfigurationList = 162EBDAB2012F48A00F8148D /* Build configuration list for PBXProject "WatTodo" */;
			compatibilityVersion = "Xcode 8.0";
			developmentRegion = en;
			hasScannedForEncodings = 0;
			knownRegions = (
				en,
				Base,
			);
			mainGroup = 162EBDA72012F48A00F8148D;
			productRefGroup = 162EBDB12012F48A00F8148D /* Products */;
			projectDirPath = "";
			projectRoot = "";
			targets = (
				162EBDAF2012F48A00F8148D /* WatTodo */,
			);
		};
/* End PBXProject section */

/* Begin PBXResourcesBuildPhase section */
		162EBDAE2012F48A00F8148D /* Resources */ = {
			isa = PBXResourcesBuildPhase;
			buildActionMask = 2147483647;
			files = (
				162EBDBE2012F48A00F8148D /* LaunchScreen.storyboard in Resources */,
				162EBDBB2012F48A00F8148D /* Assets.xcassets in Resources */,
				162EBDB92012F48A00F8148D /* Main.storyboard in Resources */,
			);
			runOnlyForDeploymentPostprocessing = 0;
		};
/* End PBXResourcesBuildPhase section */

/* Begin PBXSourcesBuildPhase section */
		162EBDAC2012F48A00F8148D /* Sources */ = {
			isa = PBXSourcesBuildPhase;
			buildActionMask = 2147483647;
			files = (
				162EBDB62012F48A00F8148D /* TodoListViewController.swift in Sources */,
				162EBDCD2013B88300F8148D /* DataModel.xcdatamodeld in Sources */,
				162EBDB42012F48A00F8148D /* AppDelegate.swift in Sources */,
			);
			runOnlyForDeploymentPostprocessing = 0;
		};
/* End PBXSourcesBuildPhase section */

/* Begin PBXVariantGroup section */
		162EBDB72012F48A00F8148D /* Main.storyboard */ = {
			isa = PBXVariantGroup;
			children = (
				162EBDB82012F48A00F8148D /* Base */,
			);
			name = Main.storyboard;
			sourceTree = "<group>";
		};
		162EBDBC2012F48A00F8148D /* LaunchScreen.storyboard */ = {
			isa = PBXVariantGroup;
			children = (
				162EBDBD2012F48A00F8148D /* Base */,
			);
			name = LaunchScreen.storyboard;
			sourceTree = "<group>";
		};
/* End PBXVariantGroup section */

/* Begin XCBuildConfiguration section */
		162EBDC02012F48A00F8148D /* Debug */ = {
			isa = XCBuildConfiguration;
			buildSettings = {
				ALWAYS_SEARCH_USER_PATHS = NO;
				CLANG_ANALYZER_NONNULL = YES;
				CLANG_ANALYZER_NUMBER_OBJECT_CONVERSION = YES_AGGRESSIVE;
				CLANG_CXX_LANGUAGE_STANDARD = "gnu++14";
				CLANG_CXX_LIBRARY = "libc++";
				CLANG_ENABLE_MODULES = YES;
				CLANG_ENABLE_OBJC_ARC = YES;
				CLANG_WARN_BLOCK_CAPTURE_AUTORELEASING = YES;
				CLANG_WARN_BOOL_CONVERSION = YES;
				CLANG_WARN_COMMA = YES;
				CLANG_WARN_CONSTANT_CONVERSION = YES;
				CLANG_WARN_DIRECT_OBJC_ISA_USAGE = YES_ERROR;
				CLANG_WARN_DOCUMENTATION_COMMENTS = YES;
				CLANG_WARN_EMPTY_BODY = YES;
				CLANG_WARN_ENUM_CONVERSION = YES;
				CLANG_WARN_INFINITE_RECURSION = YES;
				CLANG_WARN_INT_CONVERSION = YES;
				CLANG_WARN_NON_LITERAL_NULL_CONVERSION = YES;
				CLANG_WARN_OBJC_LITERAL_CONVERSION = YES;
				CLANG_WARN_OBJC_ROOT_CLASS = YES_ERROR;
				CLANG_WARN_RANGE_LOOP_ANALYSIS = YES;
				CLANG_WARN_STRICT_PROTOTYPES = YES;
				CLANG_WARN_SUSPICIOUS_MOVE = YES;
				CLANG_WARN_UNGUARDED_AVAILABILITY = YES_AGGRESSIVE;
				CLANG_WARN_UNREACHABLE_CODE = YES;
				CLANG_WARN__DUPLICATE_METHOD_MATCH = YES;
				CODE_SIGN_IDENTITY = "iPhone Developer";
				COPY_PHASE_STRIP = NO;
				DEBUG_INFORMATION_FORMAT = dwarf;
				ENABLE_STRICT_OBJC_MSGSEND = YES;
				ENABLE_TESTABILITY = YES;
				GCC_C_LANGUAGE_STANDARD = gnu11;
				GCC_DYNAMIC_NO_PIC = NO;
				GCC_NO_COMMON_BLOCKS = YES;
				GCC_OPTIMIZATION_LEVEL = 0;
				GCC_PREPROCESSOR_DEFINITIONS = (
					"DEBUG=1",
					"$(inherited)",
				);
				GCC_WARN_64_TO_32_BIT_CONVERSION = YES;
				GCC_WARN_ABOUT_RETURN_TYPE = YES_ERROR;
				GCC_WARN_UNDECLARED_SELECTOR = YES;
				GCC_WARN_UNINITIALIZED_AUTOS = YES_AGGRESSIVE;
				GCC_WARN_UNUSED_FUNCTION = YES;
				GCC_WARN_UNUSED_VARIABLE = YES;
				IPHONEOS_DEPLOYMENT_TARGET = 11.2;
				MTL_ENABLE_DEBUG_INFO = YES;
				ONLY_ACTIVE_ARCH = YES;
				SDKROOT = iphoneos;
				SWIFT_ACTIVE_COMPILATION_CONDITIONS = DEBUG;
				SWIFT_OPTIMIZATION_LEVEL = "-Onone";
			};
			name = Debug;
		};
		162EBDC12012F48A00F8148D /* Release */ = {
			isa = XCBuildConfiguration;
			buildSettings = {
				ALWAYS_SEARCH_USER_PATHS = NO;
				CLANG_ANALYZER_NONNULL = YES;
				CLANG_ANALYZER_NUMBER_OBJECT_CONVERSION = YES_AGGRESSIVE;
				CLANG_CXX_LANGUAGE_STANDARD = "gnu++14";
				CLANG_CXX_LIBRARY = "libc++";
				CLANG_ENABLE_MODULES = YES;
				CLANG_ENABLE_OBJC_ARC = YES;
				CLANG_WARN_BLOCK_CAPTURE_AUTORELEASING = YES;
				CLANG_WARN_BOOL_CONVERSION = YES;
				CLANG_WARN_COMMA = YES;
				CLANG_WARN_CONSTANT_CONVERSION = YES;
				CLANG_WARN_DIRECT_OBJC_ISA_USAGE = YES_ERROR;
				CLANG_WARN_DOCUMENTATION_COMMENTS = YES;
				CLANG_WARN_EMPTY_BODY = YES;
				CLANG_WARN_ENUM_CONVERSION = YES;
				CLANG_WARN_INFINITE_RECURSION = YES;
				CLANG_WARN_INT_CONVERSION = YES;
				CLANG_WARN_NON_LITERAL_NULL_CONVERSION = YES;
				CLANG_WARN_OBJC_LITERAL_CONVERSION = YES;
				CLANG_WARN_OBJC_ROOT_CLASS = YES_ERROR;
				CLANG_WARN_RANGE_LOOP_ANALYSIS = YES;
				CLANG_WARN_STRICT_PROTOTYPES = YES;
				CLANG_WARN_SUSPICIOUS_MOVE = YES;
				CLANG_WARN_UNGUARDED_AVAILABILITY = YES_AGGRESSIVE;
				CLANG_WARN_UNREACHABLE_CODE = YES;
				CLANG_WARN__DUPLICATE_METHOD_MATCH = YES;
				CODE_SIGN_IDENTITY = "iPhone Developer";
				COPY_PHASE_STRIP = NO;
				DEBUG_INFORMATION_FORMAT = "dwarf-with-dsym";
				ENABLE_NS_ASSERTIONS = NO;
				ENABLE_STRICT_OBJC_MSGSEND = YES;
				GCC_C_LANGUAGE_STANDARD = gnu11;
				GCC_NO_COMMON_BLOCKS = YES;
				GCC_WARN_64_TO_32_BIT_CONVERSION = YES;
				GCC_WARN_ABOUT_RETURN_TYPE = YES_ERROR;
				GCC_WARN_UNDECLARED_SELECTOR = YES;
				GCC_WARN_UNINITIALIZED_AUTOS = YES_AGGRESSIVE;
				GCC_WARN_UNUSED_FUNCTION = YES;
				GCC_WARN_UNUSED_VARIABLE = YES;
				IPHONEOS_DEPLOYMENT_TARGET = 11.2;
				MTL_ENABLE_DEBUG_INFO = NO;
				SDKROOT = iphoneos;
				SWIFT_OPTIMIZATION_LEVEL = "-Owholemodule";
				VALIDATE_PRODUCT = YES;
			};
			name = Release;
		};
		162EBDC32012F48A00F8148D /* Debug */ = {
			isa = XCBuildConfiguration;
			buildSettings = {
				ASSETCATALOG_COMPILER_APPICON_NAME = AppIcon;
				CODE_SIGN_STYLE = Automatic;
				INFOPLIST_FILE = WatTodo/Info.plist;
				LD_RUNPATH_SEARCH_PATHS = "$(inherited) @executable_path/Frameworks";
				PRODUCT_BUNDLE_IDENTIFIER = com.bhlong.WatTodo;
				PRODUCT_NAME = "$(TARGET_NAME)";
				SWIFT_VERSION = 4.0;
				TARGETED_DEVICE_FAMILY = "1,2";
			};
			name = Debug;
		};
		162EBDC42012F48A00F8148D /* Release */ = {
			isa = XCBuildConfiguration;
			buildSettings = {
				ASSETCATALOG_COMPILER_APPICON_NAME = AppIcon;
				CODE_SIGN_STYLE = Automatic;
				INFOPLIST_FILE = WatTodo/Info.plist;
				LD_RUNPATH_SEARCH_PATHS = "$(inherited) @executable_path/Frameworks";
				PRODUCT_BUNDLE_IDENTIFIER = com.bhlong.WatTodo;
				PRODUCT_NAME = "$(TARGET_NAME)";
				SWIFT_VERSION = 4.0;
				TARGETED_DEVICE_FAMILY = "1,2";
			};
			name = Release;
		};
/* End XCBuildConfiguration section */

/* Begin XCConfigurationList section */
		162EBDAB2012F48A00F8148D /* Build configuration list for PBXProject "WatTodo" */ = {
			isa = XCConfigurationList;
			buildConfigurations = (
				162EBDC02012F48A00F8148D /* Debug */,
				162EBDC12012F48A00F8148D /* Release */,
			);
			defaultConfigurationIsVisible = 0;
			defaultConfigurationName = Release;
		};
		162EBDC22012F48A00F8148D /* Build configuration list for PBXNativeTarget "WatTodo" */ = {
			isa = XCConfigurationList;
			buildConfigurations = (
				162EBDC32012F48A00F8148D /* Debug */,
				162EBDC42012F48A00F8148D /* Release */,
			);
			defaultConfigurationIsVisible = 0;
			defaultConfigurationName = Release;
		};
/* End XCConfigurationList section */

/* Begin XCVersionGroup section */
		162EBDCB2013B88300F8148D /* DataModel.xcdatamodeld */ = {
			isa = XCVersionGroup;
			children = (
				162EBDCC2013B88300F8148D /* DataModel.xcdatamodel */,
			);
			currentVersion = 162EBDCC2013B88300F8148D /* DataModel.xcdatamodel */;
			path = DataModel.xcdatamodeld;
			sourceTree = "<group>";
			versionGroupType = wrapper.xcdatamodel;
		};
/* End XCVersionGroup section */
	};
	rootObject = 162EBDA82012F48A00F8148D /* Project object */;
}
